{
  "version": 4,
  "terraform_version": "1.14.3",
  "serial": 41,
  "lineage": "1c88bd4b-c75c-83d9-2f1f-ebb41d5d809f",
  "outputs": {
    "hub_subnet_ids": {
      "value": {
        "ad1": "subnet-0a26471c36cb05473",
        "ad2": "subnet-0af8d3d8f7fce26d9",
        "mgmt1": "subnet-02cd757399d213b4b",
        "mgmt2": "subnet-0e5c188a84dc96ab5",
        "tgw1": "subnet-0451e65a11d082a62",
        "tgw2": "subnet-0a5a4bea1d07321b6"
      },
      "type": [
        "object",
        {
          "ad1": "string",
          "ad2": "string",
          "mgmt1": "string",
          "mgmt2": "string",
          "tgw1": "string",
          "tgw2": "string"
        }
      ]
    },
    "hub_vpc_ids": {
      "value": {
        "hub1": "vpc-07c47ebee1ebcf740"
      },
      "type": [
        "object",
        {
          "hub1": "string"
        }
      ]
    }
  },
  "resources": [
    {
      "module": "module.hub_subnets",
      "mode": "managed",
      "type": "aws_subnet",
      "name": "this",
      "provider": "provider[\"registry.terraform.io/hashicorp/aws\"].hub",
      "instances": [
        {
          "index_key": "ad1",
          "schema_version": 1,
          "attributes": {
            "arn": "arn:aws:ec2:us-east-1:439158220402:subnet/subnet-0a26471c36cb05473",
            "assign_ipv6_address_on_creation": false,
            "availability_zone": "us-east-1a",
            "availability_zone_id": "use1-az6",
            "cidr_block": "10.206.16.64/27",
            "customer_owned_ipv4_pool": "",
            "enable_dns64": false,
            "enable_lni_at_device_index": 0,
            "enable_resource_name_dns_a_record_on_launch": false,
            "enable_resource_name_dns_aaaa_record_on_launch": false,
            "id": "subnet-0a26471c36cb05473",
            "ipv6_cidr_block": "",
            "ipv6_cidr_block_association_id": "",
            "ipv6_native": false,
            "map_customer_owned_ip_on_launch": false,
            "map_public_ip_on_launch": false,
            "outpost_arn": "",
            "owner_id": "439158220402",
            "private_dns_hostname_type_on_launch": "ip-name",
            "tags": {
              "Environment": "shared",
              "Name": "snet-pri-oceania-ad-us-east-1a-01",
              "Owner": "NetworkTeam"
            },
            "tags_all": {
              "Environment": "shared",
              "Name": "snet-pri-oceania-ad-us-east-1a-01",
              "Owner": "NetworkTeam"
            },
            "timeouts": null,
            "vpc_id": "vpc-07c47ebee1ebcf740"
          },
          "sensitive_attributes": [],
          "identity_schema_version": 0,
          "private": "eyJlMmJmYjczMC1lY2FhLTExZTYtOGY4OC0zNDM2M2JjN2M0YzAiOnsiY3JlYXRlIjo2MDAwMDAwMDAwMDAsImRlbGV0ZSI6MTIwMDAwMDAwMDAwMH0sInNjaGVtYV92ZXJzaW9uIjoiMSJ9",
          "dependencies": [
            "module.hub_vpc.aws_vpc.this"
          ]
        },
        {
          "index_key": "ad2",
          "schema_version": 1,
          "attributes": {
            "arn": "arn:aws:ec2:us-east-1:439158220402:subnet/subnet-0af8d3d8f7fce26d9",
            "assign_ipv6_address_on_creation": false,
            "availability_zone": "us-east-1b",
            "availability_zone_id": "use1-az1",
            "cidr_block": "10.206.16.96/27",
            "customer_owned_ipv4_pool": "",
            "enable_dns64": false,
            "enable_lni_at_device_index": 0,
            "enable_resource_name_dns_a_record_on_launch": false,
            "enable_resource_name_dns_aaaa_record_on_launch": false,
            "id": "subnet-0af8d3d8f7fce26d9",
            "ipv6_cidr_block": "",
            "ipv6_cidr_block_association_id": "",
            "ipv6_native": false,
            "map_customer_owned_ip_on_launch": false,
            "map_public_ip_on_launch": false,
            "outpost_arn": "",
            "owner_id": "439158220402",
            "private_dns_hostname_type_on_launch": "ip-name",
            "tags": {
              "Environment": "shared",
              "Name": "snet-pri-oceania-ad-us-east-1b-02",
              "Owner": "NetworkTeam"
            },
            "tags_all": {
              "Environment": "shared",
              "Name": "snet-pri-oceania-ad-us-east-1b-02",
              "Owner": "NetworkTeam"
            },
            "timeouts": null,
            "vpc_id": "vpc-07c47ebee1ebcf740"
          },
          "sensitive_attributes": [],
          "identity_schema_version": 0,
          "private": "eyJlMmJmYjczMC1lY2FhLTExZTYtOGY4OC0zNDM2M2JjN2M0YzAiOnsiY3JlYXRlIjo2MDAwMDAwMDAwMDAsImRlbGV0ZSI6MTIwMDAwMDAwMDAwMH0sInNjaGVtYV92ZXJzaW9uIjoiMSJ9",
          "dependencies": [
            "module.hub_vpc.aws_vpc.this"
          ]
        },
        {
          "index_key": "mgmt1",
          "schema_version": 1,
          "attributes": {
            "arn": "arn:aws:ec2:us-east-1:439158220402:subnet/subnet-02cd757399d213b4b",
            "assign_ipv6_address_on_creation": false,
            "availability_zone": "us-east-1a",
            "availability_zone_id": "use1-az6",
            "cidr_block": "10.206.16.128/27",
            "customer_owned_ipv4_pool": "",
            "enable_dns64": false,
            "enable_lni_at_device_index": 0,
            "enable_resource_name_dns_a_record_on_launch": false,
            "enable_resource_name_dns_aaaa_record_on_launch": false,
            "id": "subnet-02cd757399d213b4b",
            "ipv6_cidr_block": "",
            "ipv6_cidr_block_association_id": "",
            "ipv6_native": false,
            "map_customer_owned_ip_on_launch": false,
            "map_public_ip_on_launch": false,
            "outpost_arn": "",
            "owner_id": "439158220402",
            "private_dns_hostname_type_on_launch": "ip-name",
            "tags": {
              "Environment": "shared",
              "Name": "snet-pri-oceania-mgmt-us-east-1a-01",
              "Owner": "NetworkTeam"
            },
            "tags_all": {
              "Environment": "shared",
              "Name": "snet-pri-oceania-mgmt-us-east-1a-01",
              "Owner": "NetworkTeam"
            },
            "timeouts": null,
            "vpc_id": "vpc-07c47ebee1ebcf740"
          },
          "sensitive_attributes": [],
          "identity_schema_version": 0,
          "private": "eyJlMmJmYjczMC1lY2FhLTExZTYtOGY4OC0zNDM2M2JjN2M0YzAiOnsiY3JlYXRlIjo2MDAwMDAwMDAwMDAsImRlbGV0ZSI6MTIwMDAwMDAwMDAwMH0sInNjaGVtYV92ZXJzaW9uIjoiMSJ9",
          "dependencies": [
            "module.hub_vpc.aws_vpc.this"
          ]
        },
        {
          "index_key": "mgmt2",
          "schema_version": 1,
          "attributes": {
            "arn": "arn:aws:ec2:us-east-1:439158220402:subnet/subnet-0e5c188a84dc96ab5",
            "assign_ipv6_address_on_creation": false,
            "availability_zone": "us-east-1b",
            "availability_zone_id": "use1-az1",
            "cidr_block": "10.206.16.160/27",
            "customer_owned_ipv4_pool": "",
            "enable_dns64": false,
            "enable_lni_at_device_index": 0,
            "enable_resource_name_dns_a_record_on_launch": false,
            "enable_resource_name_dns_aaaa_record_on_launch": false,
            "id": "subnet-0e5c188a84dc96ab5",
            "ipv6_cidr_block": "",
            "ipv6_cidr_block_association_id": "",
            "ipv6_native": false,
            "map_customer_owned_ip_on_launch": false,
            "map_public_ip_on_launch": false,
            "outpost_arn": "",
            "owner_id": "439158220402",
            "private_dns_hostname_type_on_launch": "ip-name",
            "tags": {
              "Environment": "shared",
              "Name": "snet-pri-oceania-mgmt-us-east-1b-02",
              "Owner": "NetworkTeam"
            },
            "tags_all": {
              "Environment": "shared",
              "Name": "snet-pri-oceania-mgmt-us-east-1b-02",
              "Owner": "NetworkTeam"
            },
            "timeouts": null,
            "vpc_id": "vpc-07c47ebee1ebcf740"
          },
          "sensitive_attributes": [],
          "identity_schema_version": 0,
          "private": "eyJlMmJmYjczMC1lY2FhLTExZTYtOGY4OC0zNDM2M2JjN2M0YzAiOnsiY3JlYXRlIjo2MDAwMDAwMDAwMDAsImRlbGV0ZSI6MTIwMDAwMDAwMDAwMH0sInNjaGVtYV92ZXJzaW9uIjoiMSJ9",
          "dependencies": [
            "module.hub_vpc.aws_vpc.this"
          ]
        },
        {
          "index_key": "tgw1",
          "schema_version": 1,
          "attributes": {
            "arn": "arn:aws:ec2:us-east-1:439158220402:subnet/subnet-0451e65a11d082a62",
            "assign_ipv6_address_on_creation": false,
            "availability_zone": "us-east-1a",
            "availability_zone_id": "use1-az6",
            "cidr_block": "10.206.16.0/27",
            "customer_owned_ipv4_pool": "",
            "enable_dns64": false,
            "enable_lni_at_device_index": 0,
            "enable_resource_name_dns_a_record_on_launch": false,
            "enable_resource_name_dns_aaaa_record_on_launch": false,
            "id": "subnet-0451e65a11d082a62",
            "ipv6_cidr_block": "",
            "ipv6_cidr_block_association_id": "",
            "ipv6_native": false,
            "map_customer_owned_ip_on_launch": false,
            "map_public_ip_on_launch": false,
            "outpost_arn": "",
            "owner_id": "439158220402",
            "private_dns_hostname_type_on_launch": "ip-name",
            "tags": {
              "Environment": "shared",
              "Name": "snet-pri-oceania-tgw-us-east-1a-01",
              "Owner": "NetworkTeam"
            },
            "tags_all": {
              "Environment": "shared",
              "Name": "snet-pri-oceania-tgw-us-east-1a-01",
              "Owner": "NetworkTeam"
            },
            "timeouts": null,
            "vpc_id": "vpc-07c47ebee1ebcf740"
          },
          "sensitive_attributes": [],
          "identity_schema_version": 0,
          "private": "eyJlMmJmYjczMC1lY2FhLTExZTYtOGY4OC0zNDM2M2JjN2M0YzAiOnsiY3JlYXRlIjo2MDAwMDAwMDAwMDAsImRlbGV0ZSI6MTIwMDAwMDAwMDAwMH0sInNjaGVtYV92ZXJzaW9uIjoiMSJ9",
          "dependencies": [
            "module.hub_vpc.aws_vpc.this"
          ]
        },
        {
          "index_key": "tgw2",
          "schema_version": 1,
          "attributes": {
            "arn": "arn:aws:ec2:us-east-1:439158220402:subnet/subnet-0a5a4bea1d07321b6",
            "assign_ipv6_address_on_creation": false,
            "availability_zone": "us-east-1b",
            "availability_zone_id": "use1-az1",
            "cidr_block": "10.206.16.32/27",
            "customer_owned_ipv4_pool": "",
            "enable_dns64": false,
            "enable_lni_at_device_index": 0,
            "enable_resource_name_dns_a_record_on_launch": false,
            "enable_resource_name_dns_aaaa_record_on_launch": false,
            "id": "subnet-0a5a4bea1d07321b6",
            "ipv6_cidr_block": "",
            "ipv6_cidr_block_association_id": "",
            "ipv6_native": false,
            "map_customer_owned_ip_on_launch": false,
            "map_public_ip_on_launch": false,
            "outpost_arn": "",
            "owner_id": "439158220402",
            "private_dns_hostname_type_on_launch": "ip-name",
            "tags": {
              "Environment": "shared",
              "Name": "snet-pri-oceania-tgw-us-east-1b-02",
              "Owner": "NetworkTeam"
            },
            "tags_all": {
              "Environment": "shared",
              "Name": "snet-pri-oceania-tgw-us-east-1b-02",
              "Owner": "NetworkTeam"
            },
            "timeouts": null,
            "vpc_id": "vpc-07c47ebee1ebcf740"
          },
          "sensitive_attributes": [],
          "identity_schema_version": 0,
          "private": "eyJlMmJmYjczMC1lY2FhLTExZTYtOGY4OC0zNDM2M2JjN2M0YzAiOnsiY3JlYXRlIjo2MDAwMDAwMDAwMDAsImRlbGV0ZSI6MTIwMDAwMDAwMDAwMH0sInNjaGVtYV92ZXJzaW9uIjoiMSJ9",
          "dependencies": [
            "module.hub_vpc.aws_vpc.this"
          ]
        }
      ]
    },
    {
      "module": "module.hub_vpc",
      "mode": "managed",
      "type": "aws_vpc",
      "name": "this",
      "provider": "provider[\"registry.terraform.io/hashicorp/aws\"].hub",
      "instances": [
        {
          "index_key": "hub1",
          "schema_version": 1,
          "attributes": {
            "arn": "arn:aws:ec2:us-east-1:439158220402:vpc/vpc-07c47ebee1ebcf740",
            "assign_generated_ipv6_cidr_block": false,
            "cidr_block": "10.206.16.0/20",
            "default_network_acl_id": "acl-0b66b81096f198ce8",
            "default_route_table_id": "rtb-026864aa2c1d5972b",
            "default_security_group_id": "sg-0c954cbfde521e457",
            "dhcp_options_id": "dopt-09fc08a6d040c977e",
            "enable_dns_hostnames": true,
            "enable_dns_support": true,
            "enable_network_address_usage_metrics": false,
            "id": "vpc-07c47ebee1ebcf740",
            "instance_tenancy": "default",
            "ipv4_ipam_pool_id": null,
            "ipv4_netmask_length": null,
            "ipv6_association_id": "",
            "ipv6_cidr_block": "",
            "ipv6_cidr_block_network_border_group": "",
            "ipv6_ipam_pool_id": "",
            "ipv6_netmask_length": 0,
            "main_route_table_id": "rtb-026864aa2c1d5972b",
            "owner_id": "439158220402",
            "tags": {
              "Environment": "shared",
              "Name": "vpc-hub-oceania-apse2-01",
              "Owner": "NetworkTeam"
            },
            "tags_all": {
              "Environment": "shared",
              "Name": "vpc-hub-oceania-apse2-01",
              "Owner": "NetworkTeam"
            }
          },
          "sensitive_attributes": [],
          "identity_schema_version": 0,
          "private": "eyJzY2hlbWFfdmVyc2lvbiI6IjEifQ=="
        }
      ]
    }
  ],
  "check_results": null
}
